
Microsoft Visual Studio Solution File, Format Version 12.00
# Visual Studio Version 16
VisualStudioVersion = 16.0.30907.101
MinimumVisualStudioVersion = 10.0.40219.1
Project("{FAE04EC0-301F-11D3-BF4B-00C04F79EFBC}") = "TestMudBlazor.Server", "TestMudBlazor\Server\TestMudBlazor.Server.csproj", "{37996564-8EDB-49DB-9B10-240C284150D0}"
EndProject
Project("{FAE04EC0-301F-11D3-BF4B-00C04F79EFBC}") = "TestMudBlazor.Client", "TestMudBlazor\Client\TestMudBlazor.Client.csproj", "{A737A067-BD6F-4336-9E58-89C243B973EA}"
EndProject
Project("{FAE04EC0-301F-11D3-BF4B-00C04F79EFBC}") = "TestMudBlazor.Shared", "TestMudBlazor\Shared\TestMudBlazor.Shared.csproj", "{C8FB87C7-F751-4773-8C1C-30C4FDA0622F}"
EndProject
Global
	GlobalSection(SolutionConfigurationPlatforms) = preSolution
		Debug|Any CPU = Debug|Any CPU
		Release|Any CPU = Release|Any CPU
	EndGlobalSection
	GlobalSection(ProjectConfigurationPlatforms) = postSolution
		{37996564-8EDB-49DB-9B10-240C284150D0}.Debug|Any CPU.ActiveCfg = Debug|Any CPU
		{37996564-8EDB-49DB-9B10-240C284150D0}.Debug|Any CPU.Build.0 = Debug|Any CPU
		{37996564-8EDB-49DB-9B10-240C284150D0}.Release|Any CPU.ActiveCfg = Release|Any CPU
		{37996564-8EDB-49DB-9B10-240C284150D0}.Release|Any CPU.Build.0 = Release|Any CPU
		{A737A067-BD6F-4336-9E58-89C243B973EA}.Debug|Any CPU.ActiveCfg = Debug|Any CPU
		{A737A067-BD6F-4336-9E58-89C243B973EA}.Debug|Any CPU.Build.0 = Debug|Any CPU
		{A737A067-BD6F-4336-9E58-89C243B973EA}.Release|Any CPU.ActiveCfg = Release|Any CPU
		{A737A067-BD6F-4336-9E58-89C243B973EA}.Release|Any CPU.Build.0 = Release|Any CPU
		{C8FB87C7-F751-4773-8C1C-30C4FDA0622F}.Debug|Any CPU.ActiveCfg = Debug|Any CPU
		{C8FB87C7-F751-4773-8C1C-30C4FDA0622F}.Debug|Any CPU.Build.0 = Debug|Any CPU
		{C8FB87C7-F751-4773-8C1C-30C4FDA0622F}.Release|Any CPU.ActiveCfg = Release|Any CPU
		{C8FB87C7-F751-4773-8C1C-30C4FDA0622F}.Release|Any CPU.Build.0 = Release|Any CPU
	EndGlobalSection
	GlobalSection(SolutionProperties) = preSolution
		HideSolutionNode = FALSE
	EndGlobalSection
	GlobalSection(ExtensibilityGlobals) = postSolution
		SolutionGuid = {D9A8ED6F-3336-4493-97F6-E1A5ED1ACEF7}
	EndGlobalSection
EndGlobal
